
Microsoft Visual Studio Solution File, Format Version 12.00
# Visual Studio Version 16
VisualStudioVersion = 16.0.31005.135
MinimumVisualStudioVersion = 10.0.40219.1
Project("{2150E333-8FDC-42A3-9474-1A3956D46DE8}") = "Solution Items", "Solution Items", "{D7CCC69C-2221-42FD-963D-3A29152C39F9}"
	ProjectSection(SolutionItems) = preProject
		..\.gitignore = ..\.gitignore
		..\LICENSE = ..\LICENSE
		..\README.md = ..\README.md
	EndProjectSection
EndProject
Project("{2150E333-8FDC-42A3-9474-1A3956D46DE8}") = "Client", "Client", "{9BCBEE34-8B20-4F01-BC64-B3F635F8F295}"
EndProject
Project("{9A19103F-16F7-4668-BE54-9A1E7A4F7556}") = "Todo.Api", "Todo.Api\Todo.Api.csproj", "{9864F846-AFD0-4B1B-B254-6B5C154D7758}"
EndProject
Project("{2150E333-8FDC-42A3-9474-1A3956D46DE8}") = "Server", "Server", "{CD997AD7-C020-4029-BF34-A4D14FCA54F5}"
EndProject
Project("{9A19103F-16F7-4668-BE54-9A1E7A4F7556}") = "Todo.Api.Test.Unit", "ToDo.Api.Test.Unit\Todo.Api.Test.Unit.csproj", "{CBC63E92-F74C-487B-BAFD-4EB05876E30A}"
EndProject
Project("{2150E333-8FDC-42A3-9474-1A3956D46DE8}") = "Shared", "Shared", "{1C73D2E4-A4C7-416B-A6FC-1C960D094B75}"
EndProject
Project("{9A19103F-16F7-4668-BE54-9A1E7A4F7556}") = "Todo.Shared", "ToDo.Shared\Todo.Shared.csproj", "{B90E2173-6A86-40E6-9F48-CBF638D5B59F}"
EndProject
Project("{FAE04EC0-301F-11D3-BF4B-00C04F79EFBC}") = "Todo.Mobile.Android", "ToDo.Mobile\ToDo.Mobile.Android\Todo.Mobile.Android.csproj", "{10198A8E-36E3-495C-BD84-D339BBCE2A3F}"
EndProject
Project("{FAE04EC0-301F-11D3-BF4B-00C04F79EFBC}") = "Todo.Mobile.iOS", "ToDo.Mobile\ToDo.Mobile.iOS\Todo.Mobile.iOS.csproj", "{7CCD8DFD-EEAC-47EE-9F39-D0E434BC69F6}"
EndProject
Project("{9A19103F-16F7-4668-BE54-9A1E7A4F7556}") = "Todo.Mobile", "ToDo.Mobile\ToDo.Mobile\Todo.Mobile.csproj", "{85405452-1A42-4C91-A2A1-0C18576B8E6C}"
EndProject
Project("{9A19103F-16F7-4668-BE54-9A1E7A4F7556}") = "Todo.Mobile.Business", "ToDo.Mobile.Business\Todo.Mobile.Business.csproj", "{81DB4D9D-A1E5-4652-9CF6-93F9EA2742F6}"
EndProject
Project("{9A19103F-16F7-4668-BE54-9A1E7A4F7556}") = "Todo.Mobile.Data", "ToDo.Mobile.Data\Todo.Mobile.Data.csproj", "{7441502A-EAD7-4EB7-BE27-BD39526FD91B}"
EndProject
Global
	GlobalSection(SolutionConfigurationPlatforms) = preSolution
		Debug|Any CPU = Debug|Any CPU
		Debug|iPhone = Debug|iPhone
		Debug|iPhoneSimulator = Debug|iPhoneSimulator
		Release|Any CPU = Release|Any CPU
		Release|iPhone = Release|iPhone
		Release|iPhoneSimulator = Release|iPhoneSimulator
	EndGlobalSection
	GlobalSection(ProjectConfigurationPlatforms) = postSolution
		{9864F846-AFD0-4B1B-B254-6B5C154D7758}.Debug|Any CPU.ActiveCfg = Debug|Any CPU
		{9864F846-AFD0-4B1B-B254-6B5C154D7758}.Debug|Any CPU.Build.0 = Debug|Any CPU
		{9864F846-AFD0-4B1B-B254-6B5C154D7758}.Debug|iPhone.ActiveCfg = Debug|Any CPU
		{9864F846-AFD0-4B1B-B254-6B5C154D7758}.Debug|iPhone.Build.0 = Debug|Any CPU
		{9864F846-AFD0-4B1B-B254-6B5C154D7758}.Debug|iPhoneSimulator.ActiveCfg = Debug|Any CPU
		{9864F846-AFD0-4B1B-B254-6B5C154D7758}.Debug|iPhoneSimulator.Build.0 = Debug|Any CPU
		{9864F846-AFD0-4B1B-B254-6B5C154D7758}.Release|Any CPU.ActiveCfg = Release|Any CPU
		{9864F846-AFD0-4B1B-B254-6B5C154D7758}.Release|Any CPU.Build.0 = Release|Any CPU
		{9864F846-AFD0-4B1B-B254-6B5C154D7758}.Release|iPhone.ActiveCfg = Release|Any CPU
		{9864F846-AFD0-4B1B-B254-6B5C154D7758}.Release|iPhone.Build.0 = Release|Any CPU
		{9864F846-AFD0-4B1B-B254-6B5C154D7758}.Release|iPhoneSimulator.ActiveCfg = Release|Any CPU
		{9864F846-AFD0-4B1B-B254-6B5C154D7758}.Release|iPhoneSimulator.Build.0 = Release|Any CPU
		{CBC63E92-F74C-487B-BAFD-4EB05876E30A}.Debug|Any CPU.ActiveCfg = Debug|Any CPU
		{CBC63E92-F74C-487B-BAFD-4EB05876E30A}.Debug|Any CPU.Build.0 = Debug|Any CPU
		{CBC63E92-F74C-487B-BAFD-4EB05876E30A}.Debug|iPhone.ActiveCfg = Debug|Any CPU
		{CBC63E92-F74C-487B-BAFD-4EB05876E30A}.Debug|iPhone.Build.0 = Debug|Any CPU
		{CBC63E92-F74C-487B-BAFD-4EB05876E30A}.Debug|iPhoneSimulator.ActiveCfg = Debug|Any CPU
		{CBC63E92-F74C-487B-BAFD-4EB05876E30A}.Debug|iPhoneSimulator.Build.0 = Debug|Any CPU
		{CBC63E92-F74C-487B-BAFD-4EB05876E30A}.Release|Any CPU.ActiveCfg = Release|Any CPU
		{CBC63E92-F74C-487B-BAFD-4EB05876E30A}.Release|Any CPU.Build.0 = Release|Any CPU
		{CBC63E92-F74C-487B-BAFD-4EB05876E30A}.Release|iPhone.ActiveCfg = Release|Any CPU
		{CBC63E92-F74C-487B-BAFD-4EB05876E30A}.Release|iPhone.Build.0 = Release|Any CPU
		{CBC63E92-F74C-487B-BAFD-4EB05876E30A}.Release|iPhoneSimulator.ActiveCfg = Release|Any CPU
		{CBC63E92-F74C-487B-BAFD-4EB05876E30A}.Release|iPhoneSimulator.Build.0 = Release|Any CPU
		{B90E2173-6A86-40E6-9F48-CBF638D5B59F}.Debug|Any CPU.ActiveCfg = Debug|Any CPU
		{B90E2173-6A86-40E6-9F48-CBF638D5B59F}.Debug|Any CPU.Build.0 = Debug|Any CPU
		{B90E2173-6A86-40E6-9F48-CBF638D5B59F}.Debug|iPhone.ActiveCfg = Debug|Any CPU
		{B90E2173-6A86-40E6-9F48-CBF638D5B59F}.Debug|iPhone.Build.0 = Debug|Any CPU
		{B90E2173-6A86-40E6-9F48-CBF638D5B59F}.Debug|iPhoneSimulator.ActiveCfg = Debug|Any CPU
		{B90E2173-6A86-40E6-9F48-CBF638D5B59F}.Debug|iPhoneSimulator.Build.0 = Debug|Any CPU
		{B90E2173-6A86-40E6-9F48-CBF638D5B59F}.Release|Any CPU.ActiveCfg = Release|Any CPU
		{B90E2173-6A86-40E6-9F48-CBF638D5B59F}.Release|Any CPU.Build.0 = Release|Any CPU
		{B90E2173-6A86-40E6-9F48-CBF638D5B59F}.Release|iPhone.ActiveCfg = Release|Any CPU
		{B90E2173-6A86-40E6-9F48-CBF638D5B59F}.Release|iPhone.Build.0 = Release|Any CPU
		{B90E2173-6A86-40E6-9F48-CBF638D5B59F}.Release|iPhoneSimulator.ActiveCfg = Release|Any CPU
		{B90E2173-6A86-40E6-9F48-CBF638D5B59F}.Release|iPhoneSimulator.Build.0 = Release|Any CPU
		{10198A8E-36E3-495C-BD84-D339BBCE2A3F}.Debug|Any CPU.ActiveCfg = Debug|Any CPU
		{10198A8E-36E3-495C-BD84-D339BBCE2A3F}.Debug|Any CPU.Build.0 = Debug|Any CPU
		{10198A8E-36E3-495C-BD84-D339BBCE2A3F}.Debug|Any CPU.Deploy.0 = Debug|Any CPU
		{10198A8E-36E3-495C-BD84-D339BBCE2A3F}.Debug|iPhone.ActiveCfg = Debug|Any CPU
		{10198A8E-36E3-495C-BD84-D339BBCE2A3F}.Debug|iPhone.Build.0 = Debug|Any CPU
		{10198A8E-36E3-495C-BD84-D339BBCE2A3F}.Debug|iPhone.Deploy.0 = Debug|Any CPU
		{10198A8E-36E3-495C-BD84-D339BBCE2A3F}.Debug|iPhoneSimulator.ActiveCfg = Debug|Any CPU
		{10198A8E-36E3-495C-BD84-D339BBCE2A3F}.Debug|iPhoneSimulator.Build.0 = Debug|Any CPU
		{10198A8E-36E3-495C-BD84-D339BBCE2A3F}.Debug|iPhoneSimulator.Deploy.0 = Debug|Any CPU
		{10198A8E-36E3-495C-BD84-D339BBCE2A3F}.Release|Any CPU.ActiveCfg = Release|Any CPU
		{10198A8E-36E3-495C-BD84-D339BBCE2A3F}.Release|Any CPU.Build.0 = Release|Any CPU
		{10198A8E-36E3-495C-BD84-D339BBCE2A3F}.Release|Any CPU.Deploy.0 = Release|Any CPU
		{10198A8E-36E3-495C-BD84-D339BBCE2A3F}.Release|iPhone.ActiveCfg = Release|Any CPU
		{10198A8E-36E3-495C-BD84-D339BBCE2A3F}.Release|iPhone.Build.0 = Release|Any CPU
		{10198A8E-36E3-495C-BD84-D339BBCE2A3F}.Release|iPhone.Deploy.0 = Release|Any CPU
		{10198A8E-36E3-495C-BD84-D339BBCE2A3F}.Release|iPhoneSimulator.ActiveCfg = Release|Any CPU
		{10198A8E-36E3-495C-BD84-D339BBCE2A3F}.Release|iPhoneSimulator.Build.0 = Release|Any CPU
		{10198A8E-36E3-495C-BD84-D339BBCE2A3F}.Release|iPhoneSimulator.Deploy.0 = Release|Any CPU
		{7CCD8DFD-EEAC-47EE-9F39-D0E434BC69F6}.Debug|Any CPU.ActiveCfg = Debug|iPhoneSimulator
		{7CCD8DFD-EEAC-47EE-9F39-D0E434BC69F6}.Debug|iPhone.ActiveCfg = Debug|iPhone
		{7CCD8DFD-EEAC-47EE-9F39-D0E434BC69F6}.Debug|iPhone.Build.0 = Debug|iPhone
		{7CCD8DFD-EEAC-47EE-9F39-D0E434BC69F6}.Debug|iPhoneSimulator.ActiveCfg = Debug|iPhoneSimulator
		{7CCD8DFD-EEAC-47EE-9F39-D0E434BC69F6}.Debug|iPhoneSimulator.Build.0 = Debug|iPhoneSimulator
		{7CCD8DFD-EEAC-47EE-9F39-D0E434BC69F6}.Release|Any CPU.ActiveCfg = Release|iPhoneSimulator
		{7CCD8DFD-EEAC-47EE-9F39-D0E434BC69F6}.Release|iPhone.ActiveCfg = Release|iPhone
		{7CCD8DFD-EEAC-47EE-9F39-D0E434BC69F6}.Release|iPhone.Build.0 = Release|iPhone
		{7CCD8DFD-EEAC-47EE-9F39-D0E434BC69F6}.Release|iPhoneSimulator.ActiveCfg = Release|iPhoneSimulator
		{7CCD8DFD-EEAC-47EE-9F39-D0E434BC69F6}.Release|iPhoneSimulator.Build.0 = Release|iPhoneSimulator
		{85405452-1A42-4C91-A2A1-0C18576B8E6C}.Debug|Any CPU.ActiveCfg = Debug|Any CPU
		{85405452-1A42-4C91-A2A1-0C18576B8E6C}.Debug|Any CPU.Build.0 = Debug|Any CPU
		{85405452-1A42-4C91-A2A1-0C18576B8E6C}.Debug|iPhone.ActiveCfg = Debug|Any CPU
		{85405452-1A42-4C91-A2A1-0C18576B8E6C}.Debug|iPhone.Build.0 = Debug|Any CPU
		{85405452-1A42-4C91-A2A1-0C18576B8E6C}.Debug|iPhoneSimulator.ActiveCfg = Debug|Any CPU
		{85405452-1A42-4C91-A2A1-0C18576B8E6C}.Debug|iPhoneSimulator.Build.0 = Debug|Any CPU
		{85405452-1A42-4C91-A2A1-0C18576B8E6C}.Release|Any CPU.ActiveCfg = Release|Any CPU
		{85405452-1A42-4C91-A2A1-0C18576B8E6C}.Release|Any CPU.Build.0 = Release|Any CPU
		{85405452-1A42-4C91-A2A1-0C18576B8E6C}.Release|iPhone.ActiveCfg = Release|Any CPU
		{85405452-1A42-4C91-A2A1-0C18576B8E6C}.Release|iPhone.Build.0 = Release|Any CPU
		{85405452-1A42-4C91-A2A1-0C18576B8E6C}.Release|iPhoneSimulator.ActiveCfg = Release|Any CPU
		{85405452-1A42-4C91-A2A1-0C18576B8E6C}.Release|iPhoneSimulator.Build.0 = Release|Any CPU
		{81DB4D9D-A1E5-4652-9CF6-93F9EA2742F6}.Debug|Any CPU.ActiveCfg = Debug|Any CPU
		{81DB4D9D-A1E5-4652-9CF6-93F9EA2742F6}.Debug|Any CPU.Build.0 = Debug|Any CPU
		{81DB4D9D-A1E5-4652-9CF6-93F9EA2742F6}.Debug|iPhone.ActiveCfg = Debug|Any CPU
		{81DB4D9D-A1E5-4652-9CF6-93F9EA2742F6}.Debug|iPhone.Build.0 = Debug|Any CPU
		{81DB4D9D-A1E5-4652-9CF6-93F9EA2742F6}.Debug|iPhoneSimulator.ActiveCfg = Debug|Any CPU
		{81DB4D9D-A1E5-4652-9CF6-93F9EA2742F6}.Debug|iPhoneSimulator.Build.0 = Debug|Any CPU
		{81DB4D9D-A1E5-4652-9CF6-93F9EA2742F6}.Release|Any CPU.ActiveCfg = Release|Any CPU
		{81DB4D9D-A1E5-4652-9CF6-93F9EA2742F6}.Release|Any CPU.Build.0 = Release|Any CPU
		{81DB4D9D-A1E5-4652-9CF6-93F9EA2742F6}.Release|iPhone.ActiveCfg = Release|Any CPU
		{81DB4D9D-A1E5-4652-9CF6-93F9EA2742F6}.Release|iPhone.Build.0 = Release|Any CPU
		{81DB4D9D-A1E5-4652-9CF6-93F9EA2742F6}.Release|iPhoneSimulator.ActiveCfg = Release|Any CPU
		{81DB4D9D-A1E5-4652-9CF6-93F9EA2742F6}.Release|iPhoneSimulator.Build.0 = Release|Any CPU
		{7441502A-EAD7-4EB7-BE27-BD39526FD91B}.Debug|Any CPU.ActiveCfg = Debug|Any CPU
		{7441502A-EAD7-4EB7-BE27-BD39526FD91B}.Debug|Any CPU.Build.0 = Debug|Any CPU
		{7441502A-EAD7-4EB7-BE27-BD39526FD91B}.Debug|iPhone.ActiveCfg = Debug|Any CPU
		{7441502A-EAD7-4EB7-BE27-BD39526FD91B}.Debug|iPhone.Build.0 = Debug|Any CPU
		{7441502A-EAD7-4EB7-BE27-BD39526FD91B}.Debug|iPhoneSimulator.ActiveCfg = Debug|Any CPU
		{7441502A-EAD7-4EB7-BE27-BD39526FD91B}.Debug|iPhoneSimulator.Build.0 = Debug|Any CPU
		{7441502A-EAD7-4EB7-BE27-BD39526FD91B}.Release|Any CPU.ActiveCfg = Release|Any CPU
		{7441502A-EAD7-4EB7-BE27-BD39526FD91B}.Release|Any CPU.Build.0 = Release|Any CPU
		{7441502A-EAD7-4EB7-BE27-BD39526FD91B}.Release|iPhone.ActiveCfg = Release|Any CPU
		{7441502A-EAD7-4EB7-BE27-BD39526FD91B}.Release|iPhone.Build.0 = Release|Any CPU
		{7441502A-EAD7-4EB7-BE27-BD39526FD91B}.Release|iPhoneSimulator.ActiveCfg = Release|Any CPU
		{7441502A-EAD7-4EB7-BE27-BD39526FD91B}.Release|iPhoneSimulator.Build.0 = Release|Any CPU
	EndGlobalSection
	GlobalSection(SolutionProperties) = preSolution
		HideSolutionNode = FALSE
	EndGlobalSection
	GlobalSection(NestedProjects) = preSolution
		{9864F846-AFD0-4B1B-B254-6B5C154D7758} = {CD997AD7-C020-4029-BF34-A4D14FCA54F5}
		{CBC63E92-F74C-487B-BAFD-4EB05876E30A} = {CD997AD7-C020-4029-BF34-A4D14FCA54F5}
		{B90E2173-6A86-40E6-9F48-CBF638D5B59F} = {1C73D2E4-A4C7-416B-A6FC-1C960D094B75}
		{10198A8E-36E3-495C-BD84-D339BBCE2A3F} = {9BCBEE34-8B20-4F01-BC64-B3F635F8F295}
		{7CCD8DFD-EEAC-47EE-9F39-D0E434BC69F6} = {9BCBEE34-8B20-4F01-BC64-B3F635F8F295}
		{85405452-1A42-4C91-A2A1-0C18576B8E6C} = {9BCBEE34-8B20-4F01-BC64-B3F635F8F295}
		{81DB4D9D-A1E5-4652-9CF6-93F9EA2742F6} = {9BCBEE34-8B20-4F01-BC64-B3F635F8F295}
		{7441502A-EAD7-4EB7-BE27-BD39526FD91B} = {9BCBEE34-8B20-4F01-BC64-B3F635F8F295}
	EndGlobalSection
	GlobalSection(ExtensibilityGlobals) = postSolution
		SolutionGuid = {8F606249-51C1-400C-9616-A919F5A70F2A}
	EndGlobalSection
EndGlobal
