
Microsoft Visual Studio Solution File, Format Version 12.00
# Visual Studio Version 16
VisualStudioVersion = 16.0.31005.135
MinimumVisualStudioVersion = 10.0.40219.1
Project("{FAE04EC0-301F-11D3-BF4B-00C04F79EFBC}") = "Todo.Mobile.Android", "Todo.Mobile\Todo.Mobile.Android\Todo.Mobile.Android.csproj", "{DF66BDAD-0C6D-4880-A93C-52EB0649E085}"
EndProject
Project("{FAE04EC0-301F-11D3-BF4B-00C04F79EFBC}") = "Todo.Mobile.iOS", "Todo.Mobile\Todo.Mobile.iOS\Todo.Mobile.iOS.csproj", "{5CB3CB47-FDB6-4033-8F98-FF8582238F6F}"
EndProject
Project("{FAE04EC0-301F-11D3-BF4B-00C04F79EFBC}") = "Todo.Mobile", "Todo.Mobile\Todo.Mobile\Todo.Mobile.csproj", "{AD53C5F6-26A0-4887-BA70-3F699D7FDE7A}"
EndProject
Project("{2150E333-8FDC-42A3-9474-1A3956D46DE8}") = "Solution Items", "Solution Items", "{D7CCC69C-2221-42FD-963D-3A29152C39F9}"
	ProjectSection(SolutionItems) = preProject
		..\.gitignore = ..\.gitignore
		..\LICENSE = ..\LICENSE
		..\README.md = ..\README.md
	EndProjectSection
EndProject
Project("{2150E333-8FDC-42A3-9474-1A3956D46DE8}") = "Client", "Client", "{9BCBEE34-8B20-4F01-BC64-B3F635F8F295}"
EndProject
Global
	GlobalSection(SolutionConfigurationPlatforms) = preSolution
		Debug|Any CPU = Debug|Any CPU
		Debug|iPhone = Debug|iPhone
		Debug|iPhoneSimulator = Debug|iPhoneSimulator
		Release|Any CPU = Release|Any CPU
		Release|iPhone = Release|iPhone
		Release|iPhoneSimulator = Release|iPhoneSimulator
	EndGlobalSection
	GlobalSection(ProjectConfigurationPlatforms) = postSolution
		{DF66BDAD-0C6D-4880-A93C-52EB0649E085}.Debug|Any CPU.ActiveCfg = Debug|Any CPU
		{DF66BDAD-0C6D-4880-A93C-52EB0649E085}.Debug|Any CPU.Build.0 = Debug|Any CPU
		{DF66BDAD-0C6D-4880-A93C-52EB0649E085}.Debug|Any CPU.Deploy.0 = Debug|Any CPU
		{DF66BDAD-0C6D-4880-A93C-52EB0649E085}.Debug|iPhone.ActiveCfg = Debug|Any CPU
		{DF66BDAD-0C6D-4880-A93C-52EB0649E085}.Debug|iPhone.Build.0 = Debug|Any CPU
		{DF66BDAD-0C6D-4880-A93C-52EB0649E085}.Debug|iPhone.Deploy.0 = Debug|Any CPU
		{DF66BDAD-0C6D-4880-A93C-52EB0649E085}.Debug|iPhoneSimulator.ActiveCfg = Debug|Any CPU
		{DF66BDAD-0C6D-4880-A93C-52EB0649E085}.Debug|iPhoneSimulator.Build.0 = Debug|Any CPU
		{DF66BDAD-0C6D-4880-A93C-52EB0649E085}.Debug|iPhoneSimulator.Deploy.0 = Debug|Any CPU
		{DF66BDAD-0C6D-4880-A93C-52EB0649E085}.Release|Any CPU.ActiveCfg = Release|Any CPU
		{DF66BDAD-0C6D-4880-A93C-52EB0649E085}.Release|Any CPU.Build.0 = Release|Any CPU
		{DF66BDAD-0C6D-4880-A93C-52EB0649E085}.Release|Any CPU.Deploy.0 = Release|Any CPU
		{DF66BDAD-0C6D-4880-A93C-52EB0649E085}.Release|iPhone.ActiveCfg = Release|Any CPU
		{DF66BDAD-0C6D-4880-A93C-52EB0649E085}.Release|iPhone.Build.0 = Release|Any CPU
		{DF66BDAD-0C6D-4880-A93C-52EB0649E085}.Release|iPhone.Deploy.0 = Release|Any CPU
		{DF66BDAD-0C6D-4880-A93C-52EB0649E085}.Release|iPhoneSimulator.ActiveCfg = Release|Any CPU
		{DF66BDAD-0C6D-4880-A93C-52EB0649E085}.Release|iPhoneSimulator.Build.0 = Release|Any CPU
		{DF66BDAD-0C6D-4880-A93C-52EB0649E085}.Release|iPhoneSimulator.Deploy.0 = Release|Any CPU
		{5CB3CB47-FDB6-4033-8F98-FF8582238F6F}.Debug|Any CPU.ActiveCfg = Debug|iPhone
		{5CB3CB47-FDB6-4033-8F98-FF8582238F6F}.Debug|Any CPU.Build.0 = Debug|iPhone
		{5CB3CB47-FDB6-4033-8F98-FF8582238F6F}.Debug|Any CPU.Deploy.0 = Debug|iPhone
		{5CB3CB47-FDB6-4033-8F98-FF8582238F6F}.Debug|iPhone.ActiveCfg = Debug|iPhone
		{5CB3CB47-FDB6-4033-8F98-FF8582238F6F}.Debug|iPhone.Build.0 = Debug|iPhone
		{5CB3CB47-FDB6-4033-8F98-FF8582238F6F}.Debug|iPhone.Deploy.0 = Debug|iPhone
		{5CB3CB47-FDB6-4033-8F98-FF8582238F6F}.Debug|iPhoneSimulator.ActiveCfg = Debug|iPhoneSimulator
		{5CB3CB47-FDB6-4033-8F98-FF8582238F6F}.Debug|iPhoneSimulator.Build.0 = Debug|iPhoneSimulator
		{5CB3CB47-FDB6-4033-8F98-FF8582238F6F}.Debug|iPhoneSimulator.Deploy.0 = Debug|iPhoneSimulator
		{5CB3CB47-FDB6-4033-8F98-FF8582238F6F}.Release|Any CPU.ActiveCfg = Release|iPhoneSimulator
		{5CB3CB47-FDB6-4033-8F98-FF8582238F6F}.Release|Any CPU.Build.0 = Release|iPhoneSimulator
		{5CB3CB47-FDB6-4033-8F98-FF8582238F6F}.Release|Any CPU.Deploy.0 = Release|iPhoneSimulator
		{5CB3CB47-FDB6-4033-8F98-FF8582238F6F}.Release|iPhone.ActiveCfg = Release|iPhone
		{5CB3CB47-FDB6-4033-8F98-FF8582238F6F}.Release|iPhone.Build.0 = Release|iPhone
		{5CB3CB47-FDB6-4033-8F98-FF8582238F6F}.Release|iPhone.Deploy.0 = Release|iPhone
		{5CB3CB47-FDB6-4033-8F98-FF8582238F6F}.Release|iPhoneSimulator.ActiveCfg = Release|iPhoneSimulator
		{5CB3CB47-FDB6-4033-8F98-FF8582238F6F}.Release|iPhoneSimulator.Build.0 = Release|iPhoneSimulator
		{5CB3CB47-FDB6-4033-8F98-FF8582238F6F}.Release|iPhoneSimulator.Deploy.0 = Release|iPhoneSimulator
		{AD53C5F6-26A0-4887-BA70-3F699D7FDE7A}.Debug|Any CPU.ActiveCfg = Debug|Any CPU
		{AD53C5F6-26A0-4887-BA70-3F699D7FDE7A}.Debug|Any CPU.Build.0 = Debug|Any CPU
		{AD53C5F6-26A0-4887-BA70-3F699D7FDE7A}.Debug|Any CPU.Deploy.0 = Debug|Any CPU
		{AD53C5F6-26A0-4887-BA70-3F699D7FDE7A}.Debug|iPhone.ActiveCfg = Debug|Any CPU
		{AD53C5F6-26A0-4887-BA70-3F699D7FDE7A}.Debug|iPhone.Build.0 = Debug|Any CPU
		{AD53C5F6-26A0-4887-BA70-3F699D7FDE7A}.Debug|iPhone.Deploy.0 = Debug|Any CPU
		{AD53C5F6-26A0-4887-BA70-3F699D7FDE7A}.Debug|iPhoneSimulator.ActiveCfg = Debug|Any CPU
		{AD53C5F6-26A0-4887-BA70-3F699D7FDE7A}.Debug|iPhoneSimulator.Build.0 = Debug|Any CPU
		{AD53C5F6-26A0-4887-BA70-3F699D7FDE7A}.Debug|iPhoneSimulator.Deploy.0 = Debug|Any CPU
		{AD53C5F6-26A0-4887-BA70-3F699D7FDE7A}.Release|Any CPU.ActiveCfg = Release|Any CPU
		{AD53C5F6-26A0-4887-BA70-3F699D7FDE7A}.Release|Any CPU.Build.0 = Release|Any CPU
		{AD53C5F6-26A0-4887-BA70-3F699D7FDE7A}.Release|Any CPU.Deploy.0 = Release|Any CPU
		{AD53C5F6-26A0-4887-BA70-3F699D7FDE7A}.Release|iPhone.ActiveCfg = Release|Any CPU
		{AD53C5F6-26A0-4887-BA70-3F699D7FDE7A}.Release|iPhone.Build.0 = Release|Any CPU
		{AD53C5F6-26A0-4887-BA70-3F699D7FDE7A}.Release|iPhone.Deploy.0 = Release|Any CPU
		{AD53C5F6-26A0-4887-BA70-3F699D7FDE7A}.Release|iPhoneSimulator.ActiveCfg = Release|Any CPU
		{AD53C5F6-26A0-4887-BA70-3F699D7FDE7A}.Release|iPhoneSimulator.Build.0 = Release|Any CPU
		{AD53C5F6-26A0-4887-BA70-3F699D7FDE7A}.Release|iPhoneSimulator.Deploy.0 = Release|Any CPU
	EndGlobalSection
	GlobalSection(SolutionProperties) = preSolution
		HideSolutionNode = FALSE
	EndGlobalSection
	GlobalSection(NestedProjects) = preSolution
		{DF66BDAD-0C6D-4880-A93C-52EB0649E085} = {9BCBEE34-8B20-4F01-BC64-B3F635F8F295}
		{5CB3CB47-FDB6-4033-8F98-FF8582238F6F} = {9BCBEE34-8B20-4F01-BC64-B3F635F8F295}
		{AD53C5F6-26A0-4887-BA70-3F699D7FDE7A} = {9BCBEE34-8B20-4F01-BC64-B3F635F8F295}
	EndGlobalSection
	GlobalSection(ExtensibilityGlobals) = postSolution
		SolutionGuid = {8F606249-51C1-400C-9616-A919F5A70F2A}
	EndGlobalSection
EndGlobal
